# This file is automatically @generated by Cargo.
# It is not intended for manual editing.
version = 4

[[package]]
name = "yawgpu"
version = "0.1.0"
dependencies = [
 "yawgpu-core",
 "yawgpu-hal",
 "yawgpu-test",
]

[[package]]
name = "yawgpu-core"
version = "0.1.0"

[[package]]
name = "yawgpu-hal"
version = "0.1.0"

[[package]]
name = "yawgpu-test"
version = "0.1.0"
